
Microsoft Visual Studio Solution File, Format Version 12.00
# Visual Studio Version 17
VisualStudioVersion = 17.4.33103.184
MinimumVisualStudioVersion = 10.0.40219.1
Project("{FAE04EC0-301F-11D3-BF4B-00C04F79EFBC}") = "ReactRandomJokes.Web", "ReactRandomJokes.Web\ReactRandomJokes.Web.csproj", "{AD387C1E-86F6-4708-9573-CD6D285F7C92}"
EndProject
Project("{FAE04EC0-301F-11D3-BF4B-00C04F79EFBC}") = "ReactRandomJokes.Data", "ReactRandomJokes.Data\ReactRandomJokes.Data.csproj", "{A6281058-A0C6-4BF3-911E-9323739E8AEC}"
EndProject
Global
	GlobalSection(SolutionConfigurationPlatforms) = preSolution
		Debug|Any CPU = Debug|Any CPU
		Release|Any CPU = Release|Any CPU
	EndGlobalSection
	GlobalSection(ProjectConfigurationPlatforms) = postSolution
		{AD387C1E-86F6-4708-9573-CD6D285F7C92}.Debug|Any CPU.ActiveCfg = Debug|Any CPU
		{AD387C1E-86F6-4708-9573-CD6D285F7C92}.Debug|Any CPU.Build.0 = Debug|Any CPU
		{AD387C1E-86F6-4708-9573-CD6D285F7C92}.Release|Any CPU.ActiveCfg = Release|Any CPU
		{AD387C1E-86F6-4708-9573-CD6D285F7C92}.Release|Any CPU.Build.0 = Release|Any CPU
		{A6281058-A0C6-4BF3-911E-9323739E8AEC}.Debug|Any CPU.ActiveCfg = Debug|Any CPU
		{A6281058-A0C6-4BF3-911E-9323739E8AEC}.Debug|Any CPU.Build.0 = Debug|Any CPU
		{A6281058-A0C6-4BF3-911E-9323739E8AEC}.Release|Any CPU.ActiveCfg = Release|Any CPU
		{A6281058-A0C6-4BF3-911E-9323739E8AEC}.Release|Any CPU.Build.0 = Release|Any CPU
	EndGlobalSection
	GlobalSection(SolutionProperties) = preSolution
		HideSolutionNode = FALSE
	EndGlobalSection
	GlobalSection(ExtensibilityGlobals) = postSolution
		SolutionGuid = {27978C12-200F-486D-ACED-FB62D6E1B031}
	EndGlobalSection
EndGlobal
